// !$*UTF8*$!
{
	archiveVersion = 1;
	classes = {
	};
	objectVersion = 50;
	objects = {

/* Begin PBXBuildFile section */
		14DE60981360E4DAC47BA573 /* libPods-WxxMainTests.a in Frameworks */ = {isa = PBXBuildFile; fileRef = 787137F9B2A7CAD1E677440C /* libPods-WxxMainTests.a */; };
		A5962F761D6D4F15C0F9339E /* libPods-WxxMainUITests.a in Frameworks */ = {isa = PBXBuildFile; fileRef = FB07EC61108B0D8FDEB3B76B /* libPods-WxxMainUITests.a */; };
		BE736BB52839928232738A46 /* libPods-WxxMain.a in Frameworks */ = {isa = PBXBuildFile; fileRef = 2E777BDC5FC463B02C70F67A /* libPods-WxxMain.a */; };
		CB01D80D23523F9400865BE0 /* RouterMapping.plist in Resources */ = {isa = PBXBuildFile; fileRef = CB01D80C23523F9400865BE0 /* RouterMapping.plist */; };
		CB749CA9234F09DA00BC5553 /* AppDelegate.m in Sources */ = {isa = PBXBuildFile; fileRef = CB749CA8234F09DA00BC5553 /* AppDelegate.m */; };
		CB749CAF234F09DA00BC5553 /* ViewController.m in Sources */ = {isa = PBXBuildFile; fileRef = CB749CAE234F09DA00BC5553 /* ViewController.m */; };
		CB749CB2234F09DA00BC5553 /* Main.storyboard in Resources */ = {isa = PBXBuildFile; fileRef = CB749CB0234F09DA00BC5553 /* Main.storyboard */; };
		CB749CB4234F09DB00BC5553 /* Assets.xcassets in Resources */ = {isa = PBXBuildFile; fileRef = CB749CB3234F09DB00BC5553 /* Assets.xcassets */; };
		CB749CB7234F09DB00BC5553 /* LaunchScreen.storyboard in Resources */ = {isa = PBXBuildFile; fileRef = CB749CB5234F09DB00BC5553 /* LaunchScreen.storyboard */; };
		CB749CBA234F09DB00BC5553 /* main.m in Sources */ = {isa = PBXBuildFile; fileRef = CB749CB9234F09DB00BC5553 /* main.m */; };
		CB749CC4234F09DB00BC5553 /* WxxMainTests.m in Sources */ = {isa = PBXBuildFile; fileRef = CB749CC3234F09DB00BC5553 /* WxxMainTests.m */; };
		CB749CCF234F09DC00BC5553 /* WxxMainUITests.m in Sources */ = {isa = PBXBuildFile; fileRef = CB749CCE234F09DC00BC5553 /* WxxMainUITests.m */; };
		CB749E3423508AF000BC5553 /* GlobalRouter.m in Sources */ = {isa = PBXBuildFile; fileRef = CB749E3323508AF000BC5553 /* GlobalRouter.m */; };
/* End PBXBuildFile section */

/* Begin PBXContainerItemProxy section */
		CB749CC0234F09DB00BC5553 /* PBXContainerItemProxy */ = {
			isa = PBXContainerItemProxy;
			containerPortal = CB749C9C234F09DA00BC5553 /* Project object */;
			proxyType = 1;
			remoteGlobalIDString = CB749CA3234F09DA00BC5553;
			remoteInfo = WxxMain;
		};
		CB749CCB234F09DC00BC5553 /* PBXContainerItemProxy */ = {
			isa = PBXContainerItemProxy;
			containerPortal = CB749C9C234F09DA00BC5553 /* Project object */;
			proxyType = 1;
			remoteGlobalIDString = CB749CA3234F09DA00BC5553;
			remoteInfo = WxxMain;
		};
/* End PBXContainerItemProxy section */

/* Begin PBXFileReference section */
		2E777BDC5FC463B02C70F67A /* libPods-WxxMain.a */ = {isa = PBXFileReference; explicitFileType = archive.ar; includeInIndex = 0; path = "libPods-WxxMain.a"; sourceTree = BUILT_PRODUCTS_DIR; };
		465789D3B1C36610538E564E /* Pods-WxxMainTests.release.xcconfig */ = {isa = PBXFileReference; includeInIndex = 1; lastKnownFileType = text.xcconfig; name = "Pods-WxxMainTests.release.xcconfig"; path = "Target Support Files/Pods-WxxMainTests/Pods-WxxMainTests.release.xcconfig"; sourceTree = "<group>"; };
		75AE2E8B7E8BFC5A84C36204 /* Pods-WxxMainUITests.debug.xcconfig */ = {isa = PBXFileReference; includeInIndex = 1; lastKnownFileType = text.xcconfig; name = "Pods-WxxMainUITests.debug.xcconfig"; path = "Target Support Files/Pods-WxxMainUITests/Pods-WxxMainUITests.debug.xcconfig"; sourceTree = "<group>"; };
		787137F9B2A7CAD1E677440C /* libPods-WxxMainTests.a */ = {isa = PBXFileReference; explicitFileType = archive.ar; includeInIndex = 0; path = "libPods-WxxMainTests.a"; sourceTree = BUILT_PRODUCTS_DIR; };
		8AF2BCF47B493685D441ECB0 /* Pods-WxxMainTests.debug.xcconfig */ = {isa = PBXFileReference; includeInIndex = 1; lastKnownFileType = text.xcconfig; name = "Pods-WxxMainTests.debug.xcconfig"; path = "Target Support Files/Pods-WxxMainTests/Pods-WxxMainTests.debug.xcconfig"; sourceTree = "<group>"; };
		9DE69BFA1E4AD8AA4F29CF15 /* Pods-WxxMainUITests.release.xcconfig */ = {isa = PBXFileReference; includeInIndex = 1; lastKnownFileType = text.xcconfig; name = "Pods-WxxMainUITests.release.xcconfig"; path = "Target Support Files/Pods-WxxMainUITests/Pods-WxxMainUITests.release.xcconfig"; sourceTree = "<group>"; };
		A1F83315999DD5A17F94130C /* Pods-WxxMain.debug.xcconfig */ = {isa = PBXFileReference; includeInIndex = 1; lastKnownFileType = text.xcconfig; name = "Pods-WxxMain.debug.xcconfig"; path = "Target Support Files/Pods-WxxMain/Pods-WxxMain.debug.xcconfig"; sourceTree = "<group>"; };
		CB01D80C23523F9400865BE0 /* RouterMapping.plist */ = {isa = PBXFileReference; lastKnownFileType = text.plist.xml; path = RouterMapping.plist; sourceTree = "<group>"; };
		CB749CA4234F09DA00BC5553 /* WxxMain.app */ = {isa = PBXFileReference; explicitFileType = wrapper.application; includeInIndex = 0; path = WxxMain.app; sourceTree = BUILT_PRODUCTS_DIR; };
		CB749CA7234F09DA00BC5553 /* AppDelegate.h */ = {isa = PBXFileReference; lastKnownFileType = sourcecode.c.h; path = AppDelegate.h; sourceTree = "<group>"; };
		CB749CA8234F09DA00BC5553 /* AppDelegate.m */ = {isa = PBXFileReference; lastKnownFileType = sourcecode.c.objc; path = AppDelegate.m; sourceTree = "<group>"; };
		CB749CAD234F09DA00BC5553 /* ViewController.h */ = {isa = PBXFileReference; lastKnownFileType = sourcecode.c.h; path = ViewController.h; sourceTree = "<group>"; };
		CB749CAE234F09DA00BC5553 /* ViewController.m */ = {isa = PBXFileReference; lastKnownFileType = sourcecode.c.objc; path = ViewController.m; sourceTree = "<group>"; };
		CB749CB1234F09DA00BC5553 /* Base */ = {isa = PBXFileReference; lastKnownFileType = file.storyboard; name = Base; path = Base.lproj/Main.storyboard; sourceTree = "<group>"; };
		CB749CB3234F09DB00BC5553 /* Assets.xcassets */ = {isa = PBXFileReference; lastKnownFileType = folder.assetcatalog; path = Assets.xcassets; sourceTree = "<group>"; };
		CB749CB6234F09DB00BC5553 /* Base */ = {isa = PBXFileReference; lastKnownFileType = file.storyboard; name = Base; path = Base.lproj/LaunchScreen.storyboard; sourceTree = "<group>"; };
		CB749CB8234F09DB00BC5553 /* Info.plist */ = {isa = PBXFileReference; lastKnownFileType = text.plist.xml; path = Info.plist; sourceTree = "<group>"; };
		CB749CB9234F09DB00BC5553 /* main.m */ = {isa = PBXFileReference; lastKnownFileType = sourcecode.c.objc; path = main.m; sourceTree = "<group>"; };
		CB749CBF234F09DB00BC5553 /* WxxMainTests.xctest */ = {isa = PBXFileReference; explicitFileType = wrapper.cfbundle; includeInIndex = 0; path = WxxMainTests.xctest; sourceTree = BUILT_PRODUCTS_DIR; };
		CB749CC3234F09DB00BC5553 /* WxxMainTests.m */ = {isa = PBXFileReference; lastKnownFileType = sourcecode.c.objc; path = WxxMainTests.m; sourceTree = "<group>"; };
		CB749CC5234F09DB00BC5553 /* Info.plist */ = {isa = PBXFileReference; lastKnownFileType = text.plist.xml; path = Info.plist; sourceTree = "<group>"; };
		CB749CCA234F09DC00BC5553 /* WxxMainUITests.xctest */ = {isa = PBXFileReference; explicitFileType = wrapper.cfbundle; includeInIndex = 0; path = WxxMainUITests.xctest; sourceTree = BUILT_PRODUCTS_DIR; };
		CB749CCE234F09DC00BC5553 /* WxxMainUITests.m */ = {isa = PBXFileReference; lastKnownFileType = sourcecode.c.objc; path = WxxMainUITests.m; sourceTree = "<group>"; };
		CB749CD0234F09DC00BC5553 /* Info.plist */ = {isa = PBXFileReference; lastKnownFileType = text.plist.xml; path = Info.plist; sourceTree = "<group>"; };
		CB749E3223508AF000BC5553 /* GlobalRouter.h */ = {isa = PBXFileReference; lastKnownFileType = sourcecode.c.h; path = GlobalRouter.h; sourceTree = "<group>"; };
		CB749E3323508AF000BC5553 /* GlobalRouter.m */ = {isa = PBXFileReference; lastKnownFileType = sourcecode.c.objc; path = GlobalRouter.m; sourceTree = "<group>"; };
		DFCB0FFB4B05CCA668583AAA /* Pods-WxxMain.release.xcconfig */ = {isa = PBXFileReference; includeInIndex = 1; lastKnownFileType = text.xcconfig; name = "Pods-WxxMain.release.xcconfig"; path = "Target Support Files/Pods-WxxMain/Pods-WxxMain.release.xcconfig"; sourceTree = "<group>"; };
		FB07EC61108B0D8FDEB3B76B /* libPods-WxxMainUITests.a */ = {isa = PBXFileReference; explicitFileType = archive.ar; includeInIndex = 0; path = "libPods-WxxMainUITests.a"; sourceTree = BUILT_PRODUCTS_DIR; };
/* End PBXFileReference section */

/* Begin PBXFrameworksBuildPhase section */
		CB749CA1234F09DA00BC5553 /* Frameworks */ = {
			isa = PBXFrameworksBuildPhase;
			buildActionMask = 2147483647;
			files = (
				BE736BB52839928232738A46 /* libPods-WxxMain.a in Frameworks */,
			);
			runOnlyForDeploymentPostprocessing = 0;
		};
		CB749CBC234F09DB00BC5553 /* Frameworks */ = {
			isa = PBXFrameworksBuildPhase;
			buildActionMask = 2147483647;
			files = (
				14DE60981360E4DAC47BA573 /* libPods-WxxMainTests.a in Frameworks */,
			);
			runOnlyForDeploymentPostprocessing = 0;
		};
		CB749CC7234F09DC00BC5553 /* Frameworks */ = {
			isa = PBXFrameworksBuildPhase;
			buildActionMask = 2147483647;
			files = (
				A5962F761D6D4F15C0F9339E /* libPods-WxxMainUITests.a in Frameworks */,
			);
			runOnlyForDeploymentPostprocessing = 0;
		};
/* End PBXFrameworksBuildPhase section */

/* Begin PBXGroup section */
		7E82150391C3B8323DEB7288 /* Frameworks */ = {
			isa = PBXGroup;
			children = (
				2E777BDC5FC463B02C70F67A /* libPods-WxxMain.a */,
				787137F9B2A7CAD1E677440C /* libPods-WxxMainTests.a */,
				FB07EC61108B0D8FDEB3B76B /* libPods-WxxMainUITests.a */,
			);
			name = Frameworks;
			sourceTree = "<group>";
		};
		BA4FE34A900157C96CA1161C /* Pods */ = {
			isa = PBXGroup;
			children = (
				A1F83315999DD5A17F94130C /* Pods-WxxMain.debug.xcconfig */,
				DFCB0FFB4B05CCA668583AAA /* Pods-WxxMain.release.xcconfig */,
				8AF2BCF47B493685D441ECB0 /* Pods-WxxMainTests.debug.xcconfig */,
				465789D3B1C36610538E564E /* Pods-WxxMainTests.release.xcconfig */,
				75AE2E8B7E8BFC5A84C36204 /* Pods-WxxMainUITests.debug.xcconfig */,
				9DE69BFA1E4AD8AA4F29CF15 /* Pods-WxxMainUITests.release.xcconfig */,
			);
			path = Pods;
			sourceTree = "<group>";
		};
		CB01D80B23523F6A00865BE0 /* Resource */ = {
			isa = PBXGroup;
			children = (
				CB01D80C23523F9400865BE0 /* RouterMapping.plist */,
			);
			path = Resource;
			sourceTree = "<group>";
		};
		CB749C9B234F09DA00BC5553 = {
			isa = PBXGroup;
			children = (
				CB749CA6234F09DA00BC5553 /* WxxMain */,
				CB749CC2234F09DB00BC5553 /* WxxMainTests */,
				CB749CCD234F09DC00BC5553 /* WxxMainUITests */,
				CB749CA5234F09DA00BC5553 /* Products */,
				BA4FE34A900157C96CA1161C /* Pods */,
				7E82150391C3B8323DEB7288 /* Frameworks */,
			);
			sourceTree = "<group>";
		};
		CB749CA5234F09DA00BC5553 /* Products */ = {
			isa = PBXGroup;
			children = (
				CB749CA4234F09DA00BC5553 /* WxxMain.app */,
				CB749CBF234F09DB00BC5553 /* WxxMainTests.xctest */,
				CB749CCA234F09DC00BC5553 /* WxxMainUITests.xctest */,
			);
			name = Products;
			sourceTree = "<group>";
		};
		CB749CA6234F09DA00BC5553 /* WxxMain */ = {
			isa = PBXGroup;
			children = (
				CB01D80B23523F6A00865BE0 /* Resource */,
				CB749CA7234F09DA00BC5553 /* AppDelegate.h */,
				CB749CA8234F09DA00BC5553 /* AppDelegate.m */,
				CB749CAD234F09DA00BC5553 /* ViewController.h */,
				CB749CAE234F09DA00BC5553 /* ViewController.m */,
				CB749CB0234F09DA00BC5553 /* Main.storyboard */,
				CB749CB3234F09DB00BC5553 /* Assets.xcassets */,
				CB749CB5234F09DB00BC5553 /* LaunchScreen.storyboard */,
				CB749CB8234F09DB00BC5553 /* Info.plist */,
				CB749CB9234F09DB00BC5553 /* main.m */,
				CB749E3223508AF000BC5553 /* GlobalRouter.h */,
				CB749E3323508AF000BC5553 /* GlobalRouter.m */,
			);
			path = WxxMain;
			sourceTree = "<group>";
		};
		CB749CC2234F09DB00BC5553 /* WxxMainTests */ = {
			isa = PBXGroup;
			children = (
				CB749CC3234F09DB00BC5553 /* WxxMainTests.m */,
				CB749CC5234F09DB00BC5553 /* Info.plist */,
			);
			path = WxxMainTests;
			sourceTree = "<group>";
		};
		CB749CCD234F09DC00BC5553 /* WxxMainUITests */ = {
			isa = PBXGroup;
			children = (
				CB749CCE234F09DC00BC5553 /* WxxMainUITests.m */,
				CB749CD0234F09DC00BC5553 /* Info.plist */,
			);
			path = WxxMainUITests;
			sourceTree = "<group>";
		};
/* End PBXGroup section */

/* Begin PBXNativeTarget section */
		CB749CA3234F09DA00BC5553 /* WxxMain */ = {
			isa = PBXNativeTarget;
			buildConfigurationList = CB749CD3234F09DC00BC5553 /* Build configuration list for PBXNativeTarget "WxxMain" */;
			buildPhases = (
				D7FDBC463DEEB8251E368E8C /* [CP] Check Pods Manifest.lock */,
				CB749CA0234F09DA00BC5553 /* Sources */,
				CB749CA1234F09DA00BC5553 /* Frameworks */,
				CB749CA2234F09DA00BC5553 /* Resources */,
			);
			buildRules = (
			);
			dependencies = (
			);
			name = WxxMain;
			productName = WxxMain;
			productReference = CB749CA4234F09DA00BC5553 /* WxxMain.app */;
			productType = "com.apple.product-type.application";
		};
		CB749CBE234F09DB00BC5553 /* WxxMainTests */ = {
			isa = PBXNativeTarget;
			buildConfigurationList = CB749CD6234F09DC00BC5553 /* Build configuration list for PBXNativeTarget "WxxMainTests" */;
			buildPhases = (
				409FD4035D27E3FB5F486ABF /* [CP] Check Pods Manifest.lock */,
				CB749CBB234F09DB00BC5553 /* Sources */,
				CB749CBC234F09DB00BC5553 /* Frameworks */,
				CB749CBD234F09DB00BC5553 /* Resources */,
			);
			buildRules = (
			);
			dependencies = (
				CB749CC1234F09DB00BC5553 /* PBXTargetDependency */,
			);
			name = WxxMainTests;
			productName = WxxMainTests;
			productReference = CB749CBF234F09DB00BC5553 /* WxxMainTests.xctest */;
			productType = "com.apple.product-type.bundle.unit-test";
		};
		CB749CC9234F09DC00BC5553 /* WxxMainUITests */ = {
			isa = PBXNativeTarget;
			buildConfigurationList = CB749CD9234F09DC00BC5553 /* Build configuration list for PBXNativeTarget "WxxMainUITests" */;
			buildPhases = (
				A3C7DBF9D9435D93D54E17EC /* [CP] Check Pods Manifest.lock */,
				CB749CC6234F09DC00BC5553 /* Sources */,
				CB749CC7234F09DC00BC5553 /* Frameworks */,
				CB749CC8234F09DC00BC5553 /* Resources */,
			);
			buildRules = (
			);
			dependencies = (
				CB749CCC234F09DC00BC5553 /* PBXTargetDependency */,
			);
			name = WxxMainUITests;
			productName = WxxMainUITests;
			productReference = CB749CCA234F09DC00BC5553 /* WxxMainUITests.xctest */;
			productType = "com.apple.product-type.bundle.ui-testing";
		};
/* End PBXNativeTarget section */

/* Begin PBXProject section */
		CB749C9C234F09DA00BC5553 /* Project object */ = {
			isa = PBXProject;
			attributes = {
				LastUpgradeCheck = 1100;
				ORGANIZATIONNAME = Cassie;
				TargetAttributes = {
					CB749CA3234F09DA00BC5553 = {
						CreatedOnToolsVersion = 11.0;
					};
					CB749CBE234F09DB00BC5553 = {
						CreatedOnToolsVersion = 11.0;
						TestTargetID = CB749CA3234F09DA00BC5553;
					};
					CB749CC9234F09DC00BC5553 = {
						CreatedOnToolsVersion = 11.0;
						TestTargetID = CB749CA3234F09DA00BC5553;
					};
				};
			};
			buildConfigurationList = CB749C9F234F09DA00BC5553 /* Build configuration list for PBXProject "WxxMain" */;
			compatibilityVersion = "Xcode 9.3";
			developmentRegion = en;
			hasScannedForEncodings = 0;
			knownRegions = (
				en,
				Base,
			);
			mainGroup = CB749C9B234F09DA00BC5553;
			productRefGroup = CB749CA5234F09DA00BC5553 /* Products */;
			projectDirPath = "";
			projectRoot = "";
			targets = (
				CB749CA3234F09DA00BC5553 /* WxxMain */,
				CB749CBE234F09DB00BC5553 /* WxxMainTests */,
				CB749CC9234F09DC00BC5553 /* WxxMainUITests */,
			);
		};
/* End PBXProject section */

/* Begin PBXResourcesBuildPhase section */
		CB749CA2234F09DA00BC5553 /* Resources */ = {
			isa = PBXResourcesBuildPhase;
			buildActionMask = 2147483647;
			files = (
				CB749CB7234F09DB00BC5553 /* LaunchScreen.storyboard in Resources */,
				CB749CB4234F09DB00BC5553 /* Assets.xcassets in Resources */,
				CB01D80D23523F9400865BE0 /* RouterMapping.plist in Resources */,
				CB749CB2234F09DA00BC5553 /* Main.storyboard in Resources */,
			);
			runOnlyForDeploymentPostprocessing = 0;
		};
		CB749CBD234F09DB00BC5553 /* Resources */ = {
			isa = PBXResourcesBuildPhase;
			buildActionMask = 2147483647;
			files = (
			);
			runOnlyForDeploymentPostprocessing = 0;
		};
		CB749CC8234F09DC00BC5553 /* Resources */ = {
			isa = PBXResourcesBuildPhase;
			buildActionMask = 2147483647;
			files = (
			);
			runOnlyForDeploymentPostprocessing = 0;
		};
/* End PBXResourcesBuildPhase section */

/* Begin PBXShellScriptBuildPhase section */
		409FD4035D27E3FB5F486ABF /* [CP] Check Pods Manifest.lock */ = {
			isa = PBXShellScriptBuildPhase;
			buildActionMask = 2147483647;
			files = (
			);
			inputFileListPaths = (
			);
			inputPaths = (
				"${PODS_PODFILE_DIR_PATH}/Podfile.lock",
				"${PODS_ROOT}/Manifest.lock",
			);
			name = "[CP] Check Pods Manifest.lock";
			outputFileListPaths = (
			);
			outputPaths = (
				"$(DERIVED_FILE_DIR)/Pods-WxxMainTests-checkManifestLockResult.txt",
			);
			runOnlyForDeploymentPostprocessing = 0;
			shellPath = /bin/sh;
			shellScript = "diff \"${PODS_PODFILE_DIR_PATH}/Podfile.lock\" \"${PODS_ROOT}/Manifest.lock\" > /dev/null\nif [ $? != 0 ] ; then\n    # print error to STDERR\n    echo \"error: The sandbox is not in sync with the Podfile.lock. Run 'pod install' or update your CocoaPods installation.\" >&2\n    exit 1\nfi\n# This output is used by Xcode 'outputs' to avoid re-running this script phase.\necho \"SUCCESS\" > \"${SCRIPT_OUTPUT_FILE_0}\"\n";
			showEnvVarsInLog = 0;
		};
		A3C7DBF9D9435D93D54E17EC /* [CP] Check Pods Manifest.lock */ = {
			isa = PBXShellScriptBuildPhase;
			buildActionMask = 2147483647;
			files = (
			);
			inputFileListPaths = (
			);
			inputPaths = (
				"${PODS_PODFILE_DIR_PATH}/Podfile.lock",
				"${PODS_ROOT}/Manifest.lock",
			);
			name = "[CP] Check Pods Manifest.lock";
			outputFileListPaths = (
			);
			outputPaths = (
				"$(DERIVED_FILE_DIR)/Pods-WxxMainUITests-checkManifestLockResult.txt",
			);
			runOnlyForDeploymentPostprocessing = 0;
			shellPath = /bin/sh;
			shellScript = "diff \"${PODS_PODFILE_DIR_PATH}/Podfile.lock\" \"${PODS_ROOT}/Manifest.lock\" > /dev/null\nif [ $? != 0 ] ; then\n    # print error to STDERR\n    echo \"error: The sandbox is not in sync with the Podfile.lock. Run 'pod install' or update your CocoaPods installation.\" >&2\n    exit 1\nfi\n# This output is used by Xcode 'outputs' to avoid re-running this script phase.\necho \"SUCCESS\" > \"${SCRIPT_OUTPUT_FILE_0}\"\n";
			showEnvVarsInLog = 0;
		};
		D7FDBC463DEEB8251E368E8C /* [CP] Check Pods Manifest.lock */ = {
			isa = PBXShellScriptBuildPhase;
			buildActionMask = 2147483647;
			files = (
			);
			inputFileListPaths = (
			);
			inputPaths = (
				"${PODS_PODFILE_DIR_PATH}/Podfile.lock",
				"${PODS_ROOT}/Manifest.lock",
			);
			name = "[CP] Check Pods Manifest.lock";
			outputFileListPaths = (
			);
			outputPaths = (
				"$(DERIVED_FILE_DIR)/Pods-WxxMain-checkManifestLockResult.txt",
			);
			runOnlyForDeploymentPostprocessing = 0;
			shellPath = /bin/sh;
			shellScript = "diff \"${PODS_PODFILE_DIR_PATH}/Podfile.lock\" \"${PODS_ROOT}/Manifest.lock\" > /dev/null\nif [ $? != 0 ] ; then\n    # print error to STDERR\n    echo \"error: The sandbox is not in sync with the Podfile.lock. Run 'pod install' or update your CocoaPods installation.\" >&2\n    exit 1\nfi\n# This output is used by Xcode 'outputs' to avoid re-running this script phase.\necho \"SUCCESS\" > \"${SCRIPT_OUTPUT_FILE_0}\"\n";
			showEnvVarsInLog = 0;
		};
/* End PBXShellScriptBuildPhase section */

/* Begin PBXSourcesBuildPhase section */
		CB749CA0234F09DA00BC5553 /* Sources */ = {
			isa = PBXSourcesBuildPhase;
			buildActionMask = 2147483647;
			files = (
				CB749CAF234F09DA00BC5553 /* ViewController.m in Sources */,
				CB749CA9234F09DA00BC5553 /* AppDelegate.m in Sources */,
				CB749CBA234F09DB00BC5553 /* main.m in Sources */,
				CB749E3423508AF000BC5553 /* GlobalRouter.m in Sources */,
			);
			runOnlyForDeploymentPostprocessing = 0;
		};
		CB749CBB234F09DB00BC5553 /* Sources */ = {
			isa = PBXSourcesBuildPhase;
			buildActionMask = 2147483647;
			files = (
				CB749CC4234F09DB00BC5553 /* WxxMainTests.m in Sources */,
			);
			runOnlyForDeploymentPostprocessing = 0;
		};
		CB749CC6234F09DC00BC5553 /* Sources */ = {
			isa = PBXSourcesBuildPhase;
			buildActionMask = 2147483647;
			files = (
				CB749CCF234F09DC00BC5553 /* WxxMainUITests.m in Sources */,
			);
			runOnlyForDeploymentPostprocessing = 0;
		};
/* End PBXSourcesBuildPhase section */

/* Begin PBXTargetDependency section */
		CB749CC1234F09DB00BC5553 /* PBXTargetDependency */ = {
			isa = PBXTargetDependency;
			target = CB749CA3234F09DA00BC5553 /* WxxMain */;
			targetProxy = CB749CC0234F09DB00BC5553 /* PBXContainerItemProxy */;
		};
		CB749CCC234F09DC00BC5553 /* PBXTargetDependency */ = {
			isa = PBXTargetDependency;
			target = CB749CA3234F09DA00BC5553 /* WxxMain */;
			targetProxy = CB749CCB234F09DC00BC5553 /* PBXContainerItemProxy */;
		};
/* End PBXTargetDependency section */

/* Begin PBXVariantGroup section */
		CB749CB0234F09DA00BC5553 /* Main.storyboard */ = {
			isa = PBXVariantGroup;
			children = (
				CB749CB1234F09DA00BC5553 /* Base */,
			);
			name = Main.storyboard;
			sourceTree = "<group>";
		};
		CB749CB5234F09DB00BC5553 /* LaunchScreen.storyboard */ = {
			isa = PBXVariantGroup;
			children = (
				CB749CB6234F09DB00BC5553 /* Base */,
			);
			name = LaunchScreen.storyboard;
			sourceTree = "<group>";
		};
/* End PBXVariantGroup section */

/* Begin XCBuildConfiguration section */
		CB749CD1234F09DC00BC5553 /* Debug */ = {
			isa = XCBuildConfiguration;
			buildSettings = {
				ALWAYS_SEARCH_USER_PATHS = NO;
				CLANG_ANALYZER_NONNULL = YES;
				CLANG_ANALYZER_NUMBER_OBJECT_CONVERSION = YES_AGGRESSIVE;
				CLANG_CXX_LANGUAGE_STANDARD = "gnu++14";
				CLANG_CXX_LIBRARY = "libc++";
				CLANG_ENABLE_MODULES = YES;
				CLANG_ENABLE_OBJC_ARC = YES;
				CLANG_ENABLE_OBJC_WEAK = YES;
				CLANG_WARN_BLOCK_CAPTURE_AUTORELEASING = YES;
				CLANG_WARN_BOOL_CONVERSION = YES;
				CLANG_WARN_COMMA = YES;
				CLANG_WARN_CONSTANT_CONVERSION = YES;
				CLANG_WARN_DEPRECATED_OBJC_IMPLEMENTATIONS = YES;
				CLANG_WARN_DIRECT_OBJC_ISA_USAGE = YES_ERROR;
				CLANG_WARN_DOCUMENTATION_COMMENTS = YES;
				CLANG_WARN_EMPTY_BODY = YES;
				CLANG_WARN_ENUM_CONVERSION = YES;
				CLANG_WARN_INFINITE_RECURSION = YES;
				CLANG_WARN_INT_CONVERSION = YES;
				CLANG_WARN_NON_LITERAL_NULL_CONVERSION = YES;
				CLANG_WARN_OBJC_IMPLICIT_RETAIN_SELF = YES;
				CLANG_WARN_OBJC_LITERAL_CONVERSION = YES;
				CLANG_WARN_OBJC_ROOT_CLASS = YES_ERROR;
				CLANG_WARN_RANGE_LOOP_ANALYSIS = YES;
				CLANG_WARN_STRICT_PROTOTYPES = YES;
				CLANG_WARN_SUSPICIOUS_MOVE = YES;
				CLANG_WARN_UNGUARDED_AVAILABILITY = YES_AGGRESSIVE;
				CLANG_WARN_UNREACHABLE_CODE = YES;
				CLANG_WARN__DUPLICATE_METHOD_MATCH = YES;
				COPY_PHASE_STRIP = NO;
				DEBUG_INFORMATION_FORMAT = dwarf;
				ENABLE_STRICT_OBJC_MSGSEND = YES;
				ENABLE_TESTABILITY = YES;
				GCC_C_LANGUAGE_STANDARD = gnu11;
				GCC_DYNAMIC_NO_PIC = NO;
				GCC_NO_COMMON_BLOCKS = YES;
				GCC_OPTIMIZATION_LEVEL = 0;
				GCC_PREPROCESSOR_DEFINITIONS = (
					"DEBUG=1",
					"$(inherited)",
				);
				GCC_WARN_64_TO_32_BIT_CONVERSION = YES;
				GCC_WARN_ABOUT_RETURN_TYPE = YES_ERROR;
				GCC_WARN_UNDECLARED_SELECTOR = YES;
				GCC_WARN_UNINITIALIZED_AUTOS = YES_AGGRESSIVE;
				GCC_WARN_UNUSED_FUNCTION = YES;
				GCC_WARN_UNUSED_VARIABLE = YES;
				IPHONEOS_DEPLOYMENT_TARGET = 13.0;
				MTL_ENABLE_DEBUG_INFO = INCLUDE_SOURCE;
				MTL_FAST_MATH = YES;
				ONLY_ACTIVE_ARCH = YES;
				SDKROOT = iphoneos;
			};
			name = Debug;
		};
		CB749CD2234F09DC00BC5553 /* Release */ = {
			isa = XCBuildConfiguration;
			buildSettings = {
				ALWAYS_SEARCH_USER_PATHS = NO;
				CLANG_ANALYZER_NONNULL = YES;
				CLANG_ANALYZER_NUMBER_OBJECT_CONVERSION = YES_AGGRESSIVE;
				CLANG_CXX_LANGUAGE_STANDARD = "gnu++14";
				CLANG_CXX_LIBRARY = "libc++";
				CLANG_ENABLE_MODULES = YES;
				CLANG_ENABLE_OBJC_ARC = YES;
				CLANG_ENABLE_OBJC_WEAK = YES;
				CLANG_WARN_BLOCK_CAPTURE_AUTORELEASING = YES;
				CLANG_WARN_BOOL_CONVERSION = YES;
				CLANG_WARN_COMMA = YES;
				CLANG_WARN_CONSTANT_CONVERSION = YES;
				CLANG_WARN_DEPRECATED_OBJC_IMPLEMENTATIONS = YES;
				CLANG_WARN_DIRECT_OBJC_ISA_USAGE = YES_ERROR;
				CLANG_WARN_DOCUMENTATION_COMMENTS = YES;
				CLANG_WARN_EMPTY_BODY = YES;
				CLANG_WARN_ENUM_CONVERSION = YES;
				CLANG_WARN_INFINITE_RECURSION = YES;
				CLANG_WARN_INT_CONVERSION = YES;
				CLANG_WARN_NON_LITERAL_NULL_CONVERSION = YES;
				CLANG_WARN_OBJC_IMPLICIT_RETAIN_SELF = YES;
				CLANG_WARN_OBJC_LITERAL_CONVERSION = YES;
				CLANG_WARN_OBJC_ROOT_CLASS = YES_ERROR;
				CLANG_WARN_RANGE_LOOP_ANALYSIS = YES;
				CLANG_WARN_STRICT_PROTOTYPES = YES;
				CLANG_WARN_SUSPICIOUS_MOVE = YES;
				CLANG_WARN_UNGUARDED_AVAILABILITY = YES_AGGRESSIVE;
				CLANG_WARN_UNREACHABLE_CODE = YES;
				CLANG_WARN__DUPLICATE_METHOD_MATCH = YES;
				COPY_PHASE_STRIP = NO;
				DEBUG_INFORMATION_FORMAT = "dwarf-with-dsym";
				ENABLE_NS_ASSERTIONS = NO;
				ENABLE_STRICT_OBJC_MSGSEND = YES;
				GCC_C_LANGUAGE_STANDARD = gnu11;
				GCC_NO_COMMON_BLOCKS = YES;
				GCC_WARN_64_TO_32_BIT_CONVERSION = YES;
				GCC_WARN_ABOUT_RETURN_TYPE = YES_ERROR;
				GCC_WARN_UNDECLARED_SELECTOR = YES;
				GCC_WARN_UNINITIALIZED_AUTOS = YES_AGGRESSIVE;
				GCC_WARN_UNUSED_FUNCTION = YES;
				GCC_WARN_UNUSED_VARIABLE = YES;
				IPHONEOS_DEPLOYMENT_TARGET = 13.0;
				MTL_ENABLE_DEBUG_INFO = NO;
				MTL_FAST_MATH = YES;
				SDKROOT = iphoneos;
				VALIDATE_PRODUCT = YES;
			};
			name = Release;
		};
		CB749CD4234F09DC00BC5553 /* Debug */ = {
			isa = XCBuildConfiguration;
			baseConfigurationReference = A1F83315999DD5A17F94130C /* Pods-WxxMain.debug.xcconfig */;
			buildSettings = {
				ASSETCATALOG_COMPILER_APPICON_NAME = AppIcon;
				CODE_SIGN_STYLE = Automatic;
				INFOPLIST_FILE = WxxMain/Info.plist;
				LD_RUNPATH_SEARCH_PATHS = (
					"$(inherited)",
					"@executable_path/Frameworks",
				);
				PRODUCT_BUNDLE_IDENTIFIER = com.cassie.demo.WxxMain;
				PRODUCT_NAME = "$(TARGET_NAME)";
				TARGETED_DEVICE_FAMILY = "1,2";
			};
			name = Debug;
		};
		CB749CD5234F09DC00BC5553 /* Release */ = {
			isa = XCBuildConfiguration;
			baseConfigurationReference = DFCB0FFB4B05CCA668583AAA /* Pods-WxxMain.release.xcconfig */;
			buildSettings = {
				ASSETCATALOG_COMPILER_APPICON_NAME = AppIcon;
				CODE_SIGN_STYLE = Automatic;
				INFOPLIST_FILE = WxxMain/Info.plist;
				LD_RUNPATH_SEARCH_PATHS = (
					"$(inherited)",
					"@executable_path/Frameworks",
				);
				PRODUCT_BUNDLE_IDENTIFIER = com.cassie.demo.WxxMain;
				PRODUCT_NAME = "$(TARGET_NAME)";
				TARGETED_DEVICE_FAMILY = "1,2";
			};
			name = Release;
		};
		CB749CD7234F09DC00BC5553 /* Debug */ = {
			isa = XCBuildConfiguration;
			baseConfigurationReference = 8AF2BCF47B493685D441ECB0 /* Pods-WxxMainTests.debug.xcconfig */;
			buildSettings = {
				BUNDLE_LOADER = "$(TEST_HOST)";
				CODE_SIGN_STYLE = Automatic;
				INFOPLIST_FILE = WxxMainTests/Info.plist;
				IPHONEOS_DEPLOYMENT_TARGET = 13.0;
				LD_RUNPATH_SEARCH_PATHS = (
					"$(inherited)",
					"@executable_path/Frameworks",
					"@loader_path/Frameworks",
				);
				PRODUCT_BUNDLE_IDENTIFIER = com.cassie.demo.WxxMainTests;
				PRODUCT_NAME = "$(TARGET_NAME)";
				TARGETED_DEVICE_FAMILY = "1,2";
				TEST_HOST = "$(BUILT_PRODUCTS_DIR)/WxxMain.app/WxxMain";
			};
			name = Debug;
		};
		CB749CD8234F09DC00BC5553 /* Release */ = {
			isa = XCBuildConfiguration;
			baseConfigurationReference = 465789D3B1C36610538E564E /* Pods-WxxMainTests.release.xcconfig */;
			buildSettings = {
				BUNDLE_LOADER = "$(TEST_HOST)";
				CODE_SIGN_STYLE = Automatic;
				INFOPLIST_FILE = WxxMainTests/Info.plist;
				IPHONEOS_DEPLOYMENT_TARGET = 13.0;
				LD_RUNPATH_SEARCH_PATHS = (
					"$(inherited)",
					"@executable_path/Frameworks",
					"@loader_path/Frameworks",
				);
				PRODUCT_BUNDLE_IDENTIFIER = com.cassie.demo.WxxMainTests;
				PRODUCT_NAME = "$(TARGET_NAME)";
				TARGETED_DEVICE_FAMILY = "1,2";
				TEST_HOST = "$(BUILT_PRODUCTS_DIR)/WxxMain.app/WxxMain";
			};
			name = Release;
		};
		CB749CDA234F09DC00BC5553 /* Debug */ = {
			isa = XCBuildConfiguration;
			baseConfigurationReference = 75AE2E8B7E8BFC5A84C36204 /* Pods-WxxMainUITests.debug.xcconfig */;
			buildSettings = {
				CODE_SIGN_STYLE = Automatic;
				INFOPLIST_FILE = WxxMainUITests/Info.plist;
				LD_RUNPATH_SEARCH_PATHS = (
					"$(inherited)",
					"@executable_path/Frameworks",
					"@loader_path/Frameworks",
				);
				PRODUCT_BUNDLE_IDENTIFIER = com.cassie.demo.WxxMainUITests;
				PRODUCT_NAME = "$(TARGET_NAME)";
				TARGETED_DEVICE_FAMILY = "1,2";
				TEST_TARGET_NAME = WxxMain;
			};
			name = Debug;
		};
		CB749CDB234F09DC00BC5553 /* Release */ = {
			isa = XCBuildConfiguration;
			baseConfigurationReference = 9DE69BFA1E4AD8AA4F29CF15 /* Pods-WxxMainUITests.release.xcconfig */;
			buildSettings = {
				CODE_SIGN_STYLE = Automatic;
				INFOPLIST_FILE = WxxMainUITests/Info.plist;
				LD_RUNPATH_SEARCH_PATHS = (
					"$(inherited)",
					"@executable_path/Frameworks",
					"@loader_path/Frameworks",
				);
				PRODUCT_BUNDLE_IDENTIFIER = com.cassie.demo.WxxMainUITests;
				PRODUCT_NAME = "$(TARGET_NAME)";
				TARGETED_DEVICE_FAMILY = "1,2";
				TEST_TARGET_NAME = WxxMain;
			};
			name = Release;
		};
/* End XCBuildConfiguration section */

/* Begin XCConfigurationList section */
		CB749C9F234F09DA00BC5553 /* Build configuration list for PBXProject "WxxMain" */ = {
			isa = XCConfigurationList;
			buildConfigurations = (
				CB749CD1234F09DC00BC5553 /* Debug */,
				CB749CD2234F09DC00BC5553 /* Release */,
			);
			defaultConfigurationIsVisible = 0;
			defaultConfigurationName = Release;
		};
		CB749CD3234F09DC00BC5553 /* Build configuration list for PBXNativeTarget "WxxMain" */ = {
			isa = XCConfigurationList;
			buildConfigurations = (
				CB749CD4234F09DC00BC5553 /* Debug */,
				CB749CD5234F09DC00BC5553 /* Release */,
			);
			defaultConfigurationIsVisible = 0;
			defaultConfigurationName = Release;
		};
		CB749CD6234F09DC00BC5553 /* Build configuration list for PBXNativeTarget "WxxMainTests" */ = {
			isa = XCConfigurationList;
			buildConfigurations = (
				CB749CD7234F09DC00BC5553 /* Debug */,
				CB749CD8234F09DC00BC5553 /* Release */,
			);
			defaultConfigurationIsVisible = 0;
			defaultConfigurationName = Release;
		};
		CB749CD9234F09DC00BC5553 /* Build configuration list for PBXNativeTarget "WxxMainUITests" */ = {
			isa = XCConfigurationList;
			buildConfigurations = (
				CB749CDA234F09DC00BC5553 /* Debug */,
				CB749CDB234F09DC00BC5553 /* Release */,
			);
			defaultConfigurationIsVisible = 0;
			defaultConfigurationName = Release;
		};
/* End XCConfigurationList section */
	};
	rootObject = CB749C9C234F09DA00BC5553 /* Project object */;
}
